
Microsoft Visual Studio Solution File, Format Version 12.00
# Visual Studio Version 17
VisualStudioVersion = 17.2.32526.322
MinimumVisualStudioVersion = 10.0.40219.1
Project("{FAE04EC0-301F-11D3-BF4B-00C04F79EFBC}") = "CS15", "CS15\CS15.csproj", "{52B20579-E502-445B-B7CA-5244B59A50AB}"
EndProject
Global
	GlobalSection(SolutionConfigurationPlatforms) = preSolution
		Debug|Any CPU = Debug|Any CPU
		Release|Any CPU = Release|Any CPU
	EndGlobalSection
	GlobalSection(ProjectConfigurationPlatforms) = postSolution
		{52B20579-E502-445B-B7CA-5244B59A50AB}.Debug|Any CPU.ActiveCfg = Debug|Any CPU
		{52B20579-E502-445B-B7CA-5244B59A50AB}.Debug|Any CPU.Build.0 = Debug|Any CPU
		{52B20579-E502-445B-B7CA-5244B59A50AB}.Release|Any CPU.ActiveCfg = Release|Any CPU
		{52B20579-E502-445B-B7CA-5244B59A50AB}.Release|Any CPU.Build.0 = Release|Any CPU
	EndGlobalSection
	GlobalSection(SolutionProperties) = preSolution
		HideSolutionNode = FALSE
	EndGlobalSection
	GlobalSection(ExtensibilityGlobals) = postSolution
		SolutionGuid = {B8B29388-8606-40B6-B1C2-3FA08251F3CB}
	EndGlobalSection
EndGlobal
